// !$*UTF8*$!
{
	archiveVersion = 1;
	classes = {
	};
	objectVersion = 46;
	objects = {

/* Begin PBXBuildFile section */
		D26E8FAB1AE2ADAA009890D7 /* main.swift in Sources */ = {isa = PBXBuildFile; fileRef = D26E8FAA1AE2ADAA009890D7 /* main.swift */; };
		D26E8FB21AE2ADBA009890D7 /* head.swift in Sources */ = {isa = PBXBuildFile; fileRef = D26E8FB11AE2ADBA009890D7 /* head.swift */; };
		D26E8FB41AE2AE03009890D7 /* resources.swift in Sources */ = {isa = PBXBuildFile; fileRef = D26E8FB31AE2AE03009890D7 /* resources.swift */; };
/* End PBXBuildFile section */

/* Begin PBXCopyFilesBuildPhase section */
		D26E8FA51AE2ADAA009890D7 /* CopyFiles */ = {
			isa = PBXCopyFilesBuildPhase;
			buildActionMask = 2147483647;
			dstPath = /usr/share/man/man1/;
			dstSubfolderSpec = 0;
			files = (
			);
			runOnlyForDeploymentPostprocessing = 1;
		};
/* End PBXCopyFilesBuildPhase section */

/* Begin PBXFileReference section */
		D26E8FA71AE2ADAA009890D7 /* Enigma */ = {isa = PBXFileReference; explicitFileType = "compiled.mach-o.executable"; includeInIndex = 0; path = Enigma; sourceTree = BUILT_PRODUCTS_DIR; };
		D26E8FAA1AE2ADAA009890D7 /* main.swift */ = {isa = PBXFileReference; lastKnownFileType = sourcecode.swift; name = main.swift; path = Enigma/main.swift; sourceTree = SOURCE_ROOT; };
		D26E8FB11AE2ADBA009890D7 /* head.swift */ = {isa = PBXFileReference; fileEncoding = 4; lastKnownFileType = sourcecode.swift; name = head.swift; path = Enigma/head.swift; sourceTree = SOURCE_ROOT; };
		D26E8FB31AE2AE03009890D7 /* resources.swift */ = {isa = PBXFileReference; fileEncoding = 4; lastKnownFileType = sourcecode.swift; name = resources.swift; path = Enigma/resources.swift; sourceTree = SOURCE_ROOT; };
/* End PBXFileReference section */

/* Begin PBXFrameworksBuildPhase section */
		D26E8FA41AE2ADAA009890D7 /* Frameworks */ = {
			isa = PBXFrameworksBuildPhase;
			buildActionMask = 2147483647;
			files = (
			);
			runOnlyForDeploymentPostprocessing = 0;
		};
/* End PBXFrameworksBuildPhase section */

/* Begin PBXGroup section */
		D26E8F9E1AE2ADAA009890D7 = {
			isa = PBXGroup;
			children = (
				D26E8FA91AE2ADAA009890D7 /* Enigma */,
				D26E8FA81AE2ADAA009890D7 /* Products */,
			);
			sourceTree = "<group>";
		};
		D26E8FA81AE2ADAA009890D7 /* Products */ = {
			isa = PBXGroup;
			children = (
				D26E8FA71AE2ADAA009890D7 /* Enigma */,
			);
			name = Products;
			sourceTree = "<group>";
		};
		D26E8FA91AE2ADAA009890D7 /* Enigma */ = {
			isa = PBXGroup;
			children = (
				D26E8FAA1AE2ADAA009890D7 /* main.swift */,
				D26E8FB11AE2ADBA009890D7 /* head.swift */,
				D26E8FB31AE2AE03009890D7 /* resources.swift */,
			);
			path = Enigma;
			sourceTree = "<group>";
		};
/* End PBXGroup section */

/* Begin PBXNativeTarget section */
		D26E8FA61AE2ADAA009890D7 /* Enigma */ = {
			isa = PBXNativeTarget;
			buildConfigurationList = D26E8FAE1AE2ADAA009890D7 /* Build configuration list for PBXNativeTarget "Enigma" */;
			buildPhases = (
				D26E8FA31AE2ADAA009890D7 /* Sources */,
				D26E8FA41AE2ADAA009890D7 /* Frameworks */,
				D26E8FA51AE2ADAA009890D7 /* CopyFiles */,
			);
			buildRules = (
			);
			dependencies = (
			);
			name = Enigma;
			productName = Enigma;
			productReference = D26E8FA71AE2ADAA009890D7 /* Enigma */;
			productType = "com.apple.product-type.tool";
		};
/* End PBXNativeTarget section */

/* Begin PBXProject section */
		D26E8F9F1AE2ADAA009890D7 /* Project object */ = {
			isa = PBXProject;
			attributes = {
				LastSwiftUpdateCheck = 0700;
				LastUpgradeCheck = 0710;
				ORGANIZATIONNAME = "Yoon-Tsaw Leo";
				TargetAttributes = {
					D26E8FA61AE2ADAA009890D7 = {
						CreatedOnToolsVersion = 6.3;
						LastSwiftMigration = 0800;
					};
				};
			};
			buildConfigurationList = D26E8FA21AE2ADAA009890D7 /* Build configuration list for PBXProject "Enigma" */;
			compatibilityVersion = "Xcode 3.2";
			developmentRegion = English;
			hasScannedForEncodings = 0;
			knownRegions = (
				en,
			);
			mainGroup = D26E8F9E1AE2ADAA009890D7;
			productRefGroup = D26E8FA81AE2ADAA009890D7 /* Products */;
			projectDirPath = "";
			projectRoot = "";
			targets = (
				D26E8FA61AE2ADAA009890D7 /* Enigma */,
			);
		};
/* End PBXProject section */

/* Begin PBXSourcesBuildPhase section */
		D26E8FA31AE2ADAA009890D7 /* Sources */ = {
			isa = PBXSourcesBuildPhase;
			buildActionMask = 2147483647;
			files = (
				D26E8FAB1AE2ADAA009890D7 /* main.swift in Sources */,
				D26E8FB41AE2AE03009890D7 /* resources.swift in Sources */,
				D26E8FB21AE2ADBA009890D7 /* head.swift in Sources */,
			);
			runOnlyForDeploymentPostprocessing = 0;
		};
/* End PBXSourcesBuildPhase section */

/* Begin XCBuildConfiguration section */
		D26E8FAC1AE2ADAA009890D7 /* Debug */ = {
			isa = XCBuildConfiguration;
			buildSettings = {
				ALWAYS_SEARCH_USER_PATHS = NO;
				CLANG_CXX_LANGUAGE_STANDARD = "gnu++0x";
				CLANG_CXX_LIBRARY = "libc++";
				CLANG_ENABLE_MODULES = NO;
				CLANG_ENABLE_OBJC_ARC = NO;
				CLANG_WARN_BOOL_CONVERSION = YES;
				CLANG_WARN_CONSTANT_CONVERSION = YES;
				CLANG_WARN_DIRECT_OBJC_ISA_USAGE = YES_ERROR;
				CLANG_WARN_EMPTY_BODY = YES;
				CLANG_WARN_ENUM_CONVERSION = YES;
				CLANG_WARN_INT_CONVERSION = YES;
				CLANG_WARN_OBJC_ROOT_CLASS = YES_ERROR;
				CLANG_WARN_UNREACHABLE_CODE = YES;
				CLANG_WARN__DUPLICATE_METHOD_MATCH = YES;
				COPY_PHASE_STRIP = NO;
				DEBUG_INFORMATION_FORMAT = dwarf;
				ENABLE_STRICT_OBJC_MSGSEND = YES;
				ENABLE_TESTABILITY = YES;
				GCC_C_LANGUAGE_STANDARD = gnu99;
				GCC_DYNAMIC_NO_PIC = NO;
				GCC_NO_COMMON_BLOCKS = YES;
				GCC_OPTIMIZATION_LEVEL = 0;
				GCC_PREPROCESSOR_DEFINITIONS = (
					"DEBUG=1",
					"$(inherited)",
				);
				GCC_SYMBOLS_PRIVATE_EXTERN = NO;
				GCC_WARN_64_TO_32_BIT_CONVERSION = YES;
				GCC_WARN_ABOUT_RETURN_TYPE = YES_ERROR;
				GCC_WARN_UNDECLARED_SELECTOR = YES;
				GCC_WARN_UNINITIALIZED_AUTOS = YES_AGGRESSIVE;
				GCC_WARN_UNUSED_FUNCTION = YES;
				GCC_WARN_UNUSED_VARIABLE = YES;
				MACOSX_DEPLOYMENT_TARGET = 10.11;
				MTL_ENABLE_DEBUG_INFO = YES;
				ONLY_ACTIVE_ARCH = YES;
				SDKROOT = macosx;
				SWIFT_OPTIMIZATION_LEVEL = "-Owholemodule";
			};
			name = Debug;
		};
		D26E8FAD1AE2ADAA009890D7 /* Release */ = {
			isa = XCBuildConfiguration;
			buildSettings = {
				ALWAYS_SEARCH_USER_PATHS = NO;
				CLANG_CXX_LANGUAGE_STANDARD = "gnu++0x";
				CLANG_CXX_LIBRARY = "libc++";
				CLANG_ENABLE_MODULES = NO;
				CLANG_ENABLE_OBJC_ARC = NO;
				CLANG_WARN_BOOL_CONVERSION = YES;
				CLANG_WARN_CONSTANT_CONVERSION = YES;
				CLANG_WARN_DIRECT_OBJC_ISA_USAGE = YES_ERROR;
				CLANG_WARN_EMPTY_BODY = YES;
				CLANG_WARN_ENUM_CONVERSION = YES;
				CLANG_WARN_INT_CONVERSION = YES;
				CLANG_WARN_OBJC_ROOT_CLASS = YES_ERROR;
				CLANG_WARN_UNREACHABLE_CODE = YES;
				CLANG_WARN__DUPLICATE_METHOD_MATCH = YES;
				COPY_PHASE_STRIP = NO;
				DEBUG_INFORMATION_FORMAT = "dwarf-with-dsym";
				ENABLE_NS_ASSERTIONS = NO;
				ENABLE_STRICT_OBJC_MSGSEND = YES;
				GCC_C_LANGUAGE_STANDARD = gnu99;
				GCC_NO_COMMON_BLOCKS = YES;
				GCC_OPTIMIZATION_LEVEL = s;
				GCC_WARN_64_TO_32_BIT_CONVERSION = YES;
				GCC_WARN_ABOUT_RETURN_TYPE = YES_ERROR;
				GCC_WARN_UNDECLARED_SELECTOR = YES;
				GCC_WARN_UNINITIALIZED_AUTOS = YES_AGGRESSIVE;
				GCC_WARN_UNUSED_FUNCTION = YES;
				GCC_WARN_UNUSED_VARIABLE = YES;
				MACOSX_DEPLOYMENT_TARGET = 10.11;
				MTL_ENABLE_DEBUG_INFO = NO;
				ONLY_ACTIVE_ARCH = YES;
				SDKROOT = macosx;
				SWIFT_OPTIMIZATION_LEVEL = "-Owholemodule";
			};
			name = Release;
		};
		D26E8FAF1AE2ADAA009890D7 /* Debug */ = {
			isa = XCBuildConfiguration;
			buildSettings = {
				PRODUCT_NAME = "$(TARGET_NAME)";
				SWIFT_VERSION = 3.0;
			};
			name = Debug;
		};
		D26E8FB01AE2ADAA009890D7 /* Release */ = {
			isa = XCBuildConfiguration;
			buildSettings = {
				PRODUCT_NAME = "$(TARGET_NAME)";
				SWIFT_VERSION = 3.0;
			};
			name = Release;
		};
/* End XCBuildConfiguration section */

/* Begin XCConfigurationList section */
		D26E8FA21AE2ADAA009890D7 /* Build configuration list for PBXProject "Enigma" */ = {
			isa = XCConfigurationList;
			buildConfigurations = (
				D26E8FAC1AE2ADAA009890D7 /* Debug */,
				D26E8FAD1AE2ADAA009890D7 /* Release */,
			);
			defaultConfigurationIsVisible = 0;
			defaultConfigurationName = Release;
		};
		D26E8FAE1AE2ADAA009890D7 /* Build configuration list for PBXNativeTarget "Enigma" */ = {
			isa = XCConfigurationList;
			buildConfigurations = (
				D26E8FAF1AE2ADAA009890D7 /* Debug */,
				D26E8FB01AE2ADAA009890D7 /* Release */,
			);
			defaultConfigurationIsVisible = 0;
			defaultConfigurationName = Release;
		};
/* End XCConfigurationList section */
	};
	rootObject = D26E8F9F1AE2ADAA009890D7 /* Project object */;
}
